{
  "name": "game-auto-script",
  "version": "0.1.0",
  "lockfileVersion": 3,
  "requires": true,
  "packages": {
    "": {
      "name": "game-auto-script",
      "version": "0.1.0",
      "dependencies": {
        "@maaxyz/maa-node": "5.13.1"
      },
      "engines": {
        "node": ">=20"
      }
    },
    "node_modules/@maaxyz/maa-node": {
      "version": "5.13.1",
      "resolved": "https://registry.npmjs.org/@maaxyz/maa-node/-/maa-node-5.13.1.tgz",
      "integrity": "sha512-vI00OVt3Q1fzGz0iQ2kkhMEEgW3sxxsHlw7Wg54HbW4lH0Xk0PgK9TMEZznXZFagwB6rBv5HfBqrk7oUltpmrA==",
      "engines": {
        "node": ">= 20.0.0"
      },
      "optionalDependencies": {
        "@maaxyz/maa-node-darwin-arm64": "5.13.1",
        "@maaxyz/maa-node-darwin-x64": "5.13.1",
        "@maaxyz/maa-node-linux-arm64": "5.13.1",
        "@maaxyz/maa-node-linux-x64": "5.13.1",
        "@maaxyz/maa-node-win32-arm64": "5.13.1",
        "@maaxyz/maa-node-win32-x64": "5.13.1"
      }
    },
    "node_modules/@maaxyz/maa-node-darwin-arm64": {
      "version": "5.13.1",
      "resolved": "https://registry.npmjs.org/@maaxyz/maa-node-darwin-arm64/-/maa-node-darwin-arm64-5.13.1.tgz",
      "integrity": "sha512-epuVTMyzlABvJk9L6x2Iz1fZMQORI3gmsIkNdtg2gy+T+Apw581g6SFbUMKcyl+kqRnm+FwCtcm+rsHlg0Mx1Q==",
      "cpu": [
        "arm64"
      ],
      "optional": true,
      "os": [
        "darwin"
      ]
    },
    "node_modules/@maaxyz/maa-node-darwin-x64": {
      "version": "5.13.1",
      "resolved": "https://registry.npmjs.org/@maaxyz/maa-node-darwin-x64/-/maa-node-darwin-x64-5.13.1.tgz",
      "integrity": "sha512-vYLA2Iva3/vdtwOlZjydI7NqGYT2YtO15ZV6pL2u0z3QbBF6/ENRfv4G1qgRC2Waf4wyQUxU2iGyA3+fVi7x4A==",
      "cpu": [
        "x64"
      ],
      "optional": true,
      "os": [
        "darwin"
      ]
    },
    "node_modules/@maaxyz/maa-node-linux-arm64": {
      "version": "5.13.1",
      "resolved": "https://registry.npmjs.org/@maaxyz/maa-node-linux-arm64/-/maa-node-linux-arm64-5.13.1.tgz",
      "integrity": "sha512-NVrdSq2iCPSlEiogCd2vBx924S20yyLnvY0liZl6SrlOP0dK+U3zS51t4xzPEcQXrAQeaRdetrf2IgI3jm/vkA==",
      "cpu": [
        "arm64"
      ],
      "optional": true,
      "os": [
        "linux"
      ]
    },
    "node_modules/@maaxyz/maa-node-linux-x64": {
      "version": "5.13.1",
      "resolved": "https://registry.npmjs.org/@maaxyz/maa-node-linux-x64/-/maa-node-linux-x64-5.13.1.tgz",
      "integrity": "sha512-URnUwT6SsVE8iuPnzjNymdv4ekPYRu8AzMX7svqUJx7JqxSX4EDkW1F5/mXhHeipdMrCusnpDrXmOi5V1VA6ug==",
      "cpu": [
        "x64"
      ],
      "optional": true,
      "os": [
        "linux"
      ]
    },
    "node_modules/@maaxyz/maa-node-win32-arm64": {
      "version": "5.13.1",
      "resolved": "https://registry.npmjs.org/@maaxyz/maa-node-win32-arm64/-/maa-node-win32-arm64-5.13.1.tgz",
      "integrity": "sha512-FtZV2ljKrBbdaygfv7C7cAKloAC78UUW06ep0VM774/og7jToizGE1ZrxZZbtZzbj75Ya7BzhYP8ff6dZNquyQ==",
      "cpu": [
        "arm64"
      ],
      "optional": true,
      "os": [
        "win32"
      ]
    },
    "node_modules/@maaxyz/maa-node-win32-x64": {
      "version": "5.13.1",
      "resolved": "https://registry.npmjs.org/@maaxyz/maa-node-win32-x64/-/maa-node-win32-x64-5.13.1.tgz",
      "integrity": "sha512-EPir3FIq14U8cfDrlbfzFcSjR+3/YtDxjs2ldkMDkrQJi3vi3gFJhAvuPhlBIuxTzz2evfGTlZlgstde3aaweg==",
      "cpu": [
        "x64"
      ],
      "optional": true,
      "os": [
        "win32"
      ]
    }
  }
}
